// !$*UTF8*$!
{
	archiveVersion = 1;
	classes = {
	};
	objectVersion = 56;
	objects = {

/* Begin PBXBuildFile section */
		0C1BB5C429191E3F00A96074 /* AppDelegate.swift in Sources */ = {isa = PBXBuildFile; fileRef = 0C1BB5C329191E3F00A96074 /* AppDelegate.swift */; };
		0C1BB5C629191E3F00A96074 /* SceneDelegate.swift in Sources */ = {isa = PBXBuildFile; fileRef = 0C1BB5C529191E3F00A96074 /* SceneDelegate.swift */; };
		0C1BB5C829191E3F00A96074 /* ViewController.swift in Sources */ = {isa = PBXBuildFile; fileRef = 0C1BB5C729191E3F00A96074 /* ViewController.swift */; };
		0C1BB5CB29191E3F00A96074 /* Main.storyboard in Resources */ = {isa = PBXBuildFile; fileRef = 0C1BB5C929191E3F00A96074 /* Main.storyboard */; };
		0C1BB5CD29191E4000A96074 /* Assets.xcassets in Resources */ = {isa = PBXBuildFile; fileRef = 0C1BB5CC29191E4000A96074 /* Assets.xcassets */; };
		0C1BB5D029191E4000A96074 /* LaunchScreen.storyboard in Resources */ = {isa = PBXBuildFile; fileRef = 0C1BB5CE29191E4000A96074 /* LaunchScreen.storyboard */; };
		0C1BB5DB29191E4100A96074 /* apptestTests.swift in Sources */ = {isa = PBXBuildFile; fileRef = 0C1BB5DA29191E4100A96074 /* apptestTests.swift */; };
		0C1BB5E529191E4100A96074 /* apptestUITests.swift in Sources */ = {isa = PBXBuildFile; fileRef = 0C1BB5E429191E4100A96074 /* apptestUITests.swift */; };
		0C1BB5E729191E4100A96074 /* apptestUITestsLaunchTests.swift in Sources */ = {isa = PBXBuildFile; fileRef = 0C1BB5E629191E4100A96074 /* apptestUITestsLaunchTests.swift */; };
/* End PBXBuildFile section */

/* Begin PBXContainerItemProxy section */
		0C1BB5D729191E4100A96074 /* PBXContainerItemProxy */ = {
			isa = PBXContainerItemProxy;
			containerPortal = 0C1BB5B829191E3F00A96074 /* Project object */;
			proxyType = 1;
			remoteGlobalIDString = 0C1BB5BF29191E3F00A96074;
			remoteInfo = apptest;
		};
		0C1BB5E129191E4100A96074 /* PBXContainerItemProxy */ = {
			isa = PBXContainerItemProxy;
			containerPortal = 0C1BB5B829191E3F00A96074 /* Project object */;
			proxyType = 1;
			remoteGlobalIDString = 0C1BB5BF29191E3F00A96074;
			remoteInfo = apptest;
		};
/* End PBXContainerItemProxy section */

/* Begin PBXFileReference section */
		0C1BB5C029191E3F00A96074 /* apptest.app */ = {isa = PBXFileReference; explicitFileType = wrapper.application; includeInIndex = 0; path = apptest.app; sourceTree = BUILT_PRODUCTS_DIR; };
		0C1BB5C329191E3F00A96074 /* AppDelegate.swift */ = {isa = PBXFileReference; lastKnownFileType = sourcecode.swift; path = AppDelegate.swift; sourceTree = "<group>"; };
		0C1BB5C529191E3F00A96074 /* SceneDelegate.swift */ = {isa = PBXFileReference; lastKnownFileType = sourcecode.swift; path = SceneDelegate.swift; sourceTree = "<group>"; };
		0C1BB5C729191E3F00A96074 /* ViewController.swift */ = {isa = PBXFileReference; lastKnownFileType = sourcecode.swift; path = ViewController.swift; sourceTree = "<group>"; };
		0C1BB5CA29191E3F00A96074 /* Base */ = {isa = PBXFileReference; lastKnownFileType = file.storyboard; name = Base; path = Base.lproj/Main.storyboard; sourceTree = "<group>"; };
		0C1BB5CC29191E4000A96074 /* Assets.xcassets */ = {isa = PBXFileReference; lastKnownFileType = folder.assetcatalog; path = Assets.xcassets; sourceTree = "<group>"; };
		0C1BB5CF29191E4000A96074 /* Base */ = {isa = PBXFileReference; lastKnownFileType = file.storyboard; name = Base; path = Base.lproj/LaunchScreen.storyboard; sourceTree = "<group>"; };
		0C1BB5D129191E4000A96074 /* Info.plist */ = {isa = PBXFileReference; lastKnownFileType = text.plist.xml; path = Info.plist; sourceTree = "<group>"; };
		0C1BB5D629191E4100A96074 /* apptestTests.xctest */ = {isa = PBXFileReference; explicitFileType = wrapper.cfbundle; includeInIndex = 0; path = apptestTests.xctest; sourceTree = BUILT_PRODUCTS_DIR; };
		0C1BB5DA29191E4100A96074 /* apptestTests.swift */ = {isa = PBXFileReference; lastKnownFileType = sourcecode.swift; path = apptestTests.swift; sourceTree = "<group>"; };
		0C1BB5E029191E4100A96074 /* apptestUITests.xctest */ = {isa = PBXFileReference; explicitFileType = wrapper.cfbundle; includeInIndex = 0; path = apptestUITests.xctest; sourceTree = BUILT_PRODUCTS_DIR; };
		0C1BB5E429191E4100A96074 /* apptestUITests.swift */ = {isa = PBXFileReference; lastKnownFileType = sourcecode.swift; path = apptestUITests.swift; sourceTree = "<group>"; };
		0C1BB5E629191E4100A96074 /* apptestUITestsLaunchTests.swift */ = {isa = PBXFileReference; lastKnownFileType = sourcecode.swift; path = apptestUITestsLaunchTests.swift; sourceTree = "<group>"; };
/* End PBXFileReference section */

/* Begin PBXFrameworksBuildPhase section */
		0C1BB5BD29191E3F00A96074 /* Frameworks */ = {
			isa = PBXFrameworksBuildPhase;
			buildActionMask = 2147483647;
			files = (
			);
			runOnlyForDeploymentPostprocessing = 0;
		};
		0C1BB5D329191E4100A96074 /* Frameworks */ = {
			isa = PBXFrameworksBuildPhase;
			buildActionMask = 2147483647;
			files = (
			);
			runOnlyForDeploymentPostprocessing = 0;
		};
		0C1BB5DD29191E4100A96074 /* Frameworks */ = {
			isa = PBXFrameworksBuildPhase;
			buildActionMask = 2147483647;
			files = (
			);
			runOnlyForDeploymentPostprocessing = 0;
		};
/* End PBXFrameworksBuildPhase section */

/* Begin PBXGroup section */
		0C1BB5B729191E3F00A96074 = {
			isa = PBXGroup;
			children = (
				0C1BB5C229191E3F00A96074 /* apptest */,
				0C1BB5D929191E4100A96074 /* apptestTests */,
				0C1BB5E329191E4100A96074 /* apptestUITests */,
				0C1BB5C129191E3F00A96074 /* Products */,
			);
			sourceTree = "<group>";
		};
		0C1BB5C129191E3F00A96074 /* Products */ = {
			isa = PBXGroup;
			children = (
				0C1BB5C029191E3F00A96074 /* apptest.app */,
				0C1BB5D629191E4100A96074 /* apptestTests.xctest */,
				0C1BB5E029191E4100A96074 /* apptestUITests.xctest */,
			);
			name = Products;
			sourceTree = "<group>";
		};
		0C1BB5C229191E3F00A96074 /* apptest */ = {
			isa = PBXGroup;
			children = (
				0C1BB5C329191E3F00A96074 /* AppDelegate.swift */,
				0C1BB5C529191E3F00A96074 /* SceneDelegate.swift */,
				0C1BB5C729191E3F00A96074 /* ViewController.swift */,
				0C1BB5C929191E3F00A96074 /* Main.storyboard */,
				0C1BB5CC29191E4000A96074 /* Assets.xcassets */,
				0C1BB5CE29191E4000A96074 /* LaunchScreen.storyboard */,
				0C1BB5D129191E4000A96074 /* Info.plist */,
			);
			path = apptest;
			sourceTree = "<group>";
		};
		0C1BB5D929191E4100A96074 /* apptestTests */ = {
			isa = PBXGroup;
			children = (
				0C1BB5DA29191E4100A96074 /* apptestTests.swift */,
			);
			path = apptestTests;
			sourceTree = "<group>";
		};
		0C1BB5E329191E4100A96074 /* apptestUITests */ = {
			isa = PBXGroup;
			children = (
				0C1BB5E429191E4100A96074 /* apptestUITests.swift */,
				0C1BB5E629191E4100A96074 /* apptestUITestsLaunchTests.swift */,
			);
			path = apptestUITests;
			sourceTree = "<group>";
		};
/* End PBXGroup section */

/* Begin PBXNativeTarget section */
		0C1BB5BF29191E3F00A96074 /* apptest */ = {
			isa = PBXNativeTarget;
			buildConfigurationList = 0C1BB5EA29191E4100A96074 /* Build configuration list for PBXNativeTarget "apptest" */;
			buildPhases = (
				0C1BB5BC29191E3F00A96074 /* Sources */,
				0C1BB5BD29191E3F00A96074 /* Frameworks */,
				0C1BB5BE29191E3F00A96074 /* Resources */,
			);
			buildRules = (
			);
			dependencies = (
			);
			name = apptest;
			productName = apptest;
			productReference = 0C1BB5C029191E3F00A96074 /* apptest.app */;
			productType = "com.apple.product-type.application";
		};
		0C1BB5D529191E4100A96074 /* apptestTests */ = {
			isa = PBXNativeTarget;
			buildConfigurationList = 0C1BB5ED29191E4100A96074 /* Build configuration list for PBXNativeTarget "apptestTests" */;
			buildPhases = (
				0C1BB5D229191E4100A96074 /* Sources */,
				0C1BB5D329191E4100A96074 /* Frameworks */,
				0C1BB5D429191E4100A96074 /* Resources */,
			);
			buildRules = (
			);
			dependencies = (
				0C1BB5D829191E4100A96074 /* PBXTargetDependency */,
			);
			name = apptestTests;
			productName = apptestTests;
			productReference = 0C1BB5D629191E4100A96074 /* apptestTests.xctest */;
			productType = "com.apple.product-type.bundle.unit-test";
		};
		0C1BB5DF29191E4100A96074 /* apptestUITests */ = {
			isa = PBXNativeTarget;
			buildConfigurationList = 0C1BB5F029191E4100A96074 /* Build configuration list for PBXNativeTarget "apptestUITests" */;
			buildPhases = (
				0C1BB5DC29191E4100A96074 /* Sources */,
				0C1BB5DD29191E4100A96074 /* Frameworks */,
				0C1BB5DE29191E4100A96074 /* Resources */,
			);
			buildRules = (
			);
			dependencies = (
				0C1BB5E229191E4100A96074 /* PBXTargetDependency */,
			);
			name = apptestUITests;
			productName = apptestUITests;
			productReference = 0C1BB5E029191E4100A96074 /* apptestUITests.xctest */;
			productType = "com.apple.product-type.bundle.ui-testing";
		};
/* End PBXNativeTarget section */

/* Begin PBXProject section */
		0C1BB5B829191E3F00A96074 /* Project object */ = {
			isa = PBXProject;
			attributes = {
				BuildIndependentTargetsInParallel = 1;
				LastSwiftUpdateCheck = 1410;
				LastUpgradeCheck = 1410;
				TargetAttributes = {
					0C1BB5BF29191E3F00A96074 = {
						CreatedOnToolsVersion = 14.1;
					};
					0C1BB5D529191E4100A96074 = {
						CreatedOnToolsVersion = 14.1;
						TestTargetID = 0C1BB5BF29191E3F00A96074;
					};
					0C1BB5DF29191E4100A96074 = {
						CreatedOnToolsVersion = 14.1;
						TestTargetID = 0C1BB5BF29191E3F00A96074;
					};
				};
			};
			buildConfigurationList = 0C1BB5BB29191E3F00A96074 /* Build configuration list for PBXProject "apptest" */;
			compatibilityVersion = "Xcode 14.0";
			developmentRegion = en;
			hasScannedForEncodings = 0;
			knownRegions = (
				en,
				Base,
			);
			mainGroup = 0C1BB5B729191E3F00A96074;
			productRefGroup = 0C1BB5C129191E3F00A96074 /* Products */;
			projectDirPath = "";
			projectRoot = "";
			targets = (
				0C1BB5BF29191E3F00A96074 /* apptest */,
				0C1BB5D529191E4100A96074 /* apptestTests */,
				0C1BB5DF29191E4100A96074 /* apptestUITests */,
			);
		};
/* End PBXProject section */

/* Begin PBXResourcesBuildPhase section */
		0C1BB5BE29191E3F00A96074 /* Resources */ = {
			isa = PBXResourcesBuildPhase;
			buildActionMask = 2147483647;
			files = (
				0C1BB5D029191E4000A96074 /* LaunchScreen.storyboard in Resources */,
				0C1BB5CD29191E4000A96074 /* Assets.xcassets in Resources */,
				0C1BB5CB29191E3F00A96074 /* Main.storyboard in Resources */,
			);
			runOnlyForDeploymentPostprocessing = 0;
		};
		0C1BB5D429191E4100A96074 /* Resources */ = {
			isa = PBXResourcesBuildPhase;
			buildActionMask = 2147483647;
			files = (
			);
			runOnlyForDeploymentPostprocessing = 0;
		};
		0C1BB5DE29191E4100A96074 /* Resources */ = {
			isa = PBXResourcesBuildPhase;
			buildActionMask = 2147483647;
			files = (
			);
			runOnlyForDeploymentPostprocessing = 0;
		};
/* End PBXResourcesBuildPhase section */

/* Begin PBXSourcesBuildPhase section */
		0C1BB5BC29191E3F00A96074 /* Sources */ = {
			isa = PBXSourcesBuildPhase;
			buildActionMask = 2147483647;
			files = (
				0C1BB5C829191E3F00A96074 /* ViewController.swift in Sources */,
				0C1BB5C429191E3F00A96074 /* AppDelegate.swift in Sources */,
				0C1BB5C629191E3F00A96074 /* SceneDelegate.swift in Sources */,
			);
			runOnlyForDeploymentPostprocessing = 0;
		};
		0C1BB5D229191E4100A96074 /* Sources */ = {
			isa = PBXSourcesBuildPhase;
			buildActionMask = 2147483647;
			files = (
				0C1BB5DB29191E4100A96074 /* apptestTests.swift in Sources */,
			);
			runOnlyForDeploymentPostprocessing = 0;
		};
		0C1BB5DC29191E4100A96074 /* Sources */ = {
			isa = PBXSourcesBuildPhase;
			buildActionMask = 2147483647;
			files = (
				0C1BB5E729191E4100A96074 /* apptestUITestsLaunchTests.swift in Sources */,
				0C1BB5E529191E4100A96074 /* apptestUITests.swift in Sources */,
			);
			runOnlyForDeploymentPostprocessing = 0;
		};
/* End PBXSourcesBuildPhase section */

/* Begin PBXTargetDependency section */
		0C1BB5D829191E4100A96074 /* PBXTargetDependency */ = {
			isa = PBXTargetDependency;
			target = 0C1BB5BF29191E3F00A96074 /* apptest */;
			targetProxy = 0C1BB5D729191E4100A96074 /* PBXContainerItemProxy */;
		};
		0C1BB5E229191E4100A96074 /* PBXTargetDependency */ = {
			isa = PBXTargetDependency;
			target = 0C1BB5BF29191E3F00A96074 /* apptest */;
			targetProxy = 0C1BB5E129191E4100A96074 /* PBXContainerItemProxy */;
		};
/* End PBXTargetDependency section */

/* Begin PBXVariantGroup section */
		0C1BB5C929191E3F00A96074 /* Main.storyboard */ = {
			isa = PBXVariantGroup;
			children = (
				0C1BB5CA29191E3F00A96074 /* Base */,
			);
			name = Main.storyboard;
			sourceTree = "<group>";
		};
		0C1BB5CE29191E4000A96074 /* LaunchScreen.storyboard */ = {
			isa = PBXVariantGroup;
			children = (
				0C1BB5CF29191E4000A96074 /* Base */,
			);
			name = LaunchScreen.storyboard;
			sourceTree = "<group>";
		};
/* End PBXVariantGroup section */

/* Begin XCBuildConfiguration section */
		0C1BB5E829191E4100A96074 /* Debug */ = {
			isa = XCBuildConfiguration;
			buildSettings = {
				ALWAYS_SEARCH_USER_PATHS = NO;
				CLANG_ANALYZER_NONNULL = YES;
				CLANG_ANALYZER_NUMBER_OBJECT_CONVERSION = YES_AGGRESSIVE;
				CLANG_CXX_LANGUAGE_STANDARD = "gnu++20";
				CLANG_ENABLE_MODULES = YES;
				CLANG_ENABLE_OBJC_ARC = YES;
				CLANG_ENABLE_OBJC_WEAK = YES;
				CLANG_WARN_BLOCK_CAPTURE_AUTORELEASING = YES;
				CLANG_WARN_BOOL_CONVERSION = YES;
				CLANG_WARN_COMMA = YES;
				CLANG_WARN_CONSTANT_CONVERSION = YES;
				CLANG_WARN_DEPRECATED_OBJC_IMPLEMENTATIONS = YES;
				CLANG_WARN_DIRECT_OBJC_ISA_USAGE = YES_ERROR;
				CLANG_WARN_DOCUMENTATION_COMMENTS = YES;
				CLANG_WARN_EMPTY_BODY = YES;
				CLANG_WARN_ENUM_CONVERSION = YES;
				CLANG_WARN_INFINITE_RECURSION = YES;
				CLANG_WARN_INT_CONVERSION = YES;
				CLANG_WARN_NON_LITERAL_NULL_CONVERSION = YES;
				CLANG_WARN_OBJC_IMPLICIT_RETAIN_SELF = YES;
				CLANG_WARN_OBJC_LITERAL_CONVERSION = YES;
				CLANG_WARN_OBJC_ROOT_CLASS = YES_ERROR;
				CLANG_WARN_QUOTED_INCLUDE_IN_FRAMEWORK_HEADER = YES;
				CLANG_WARN_RANGE_LOOP_ANALYSIS = YES;
				CLANG_WARN_STRICT_PROTOTYPES = YES;
				CLANG_WARN_SUSPICIOUS_MOVE = YES;
				CLANG_WARN_UNGUARDED_AVAILABILITY = YES_AGGRESSIVE;
				CLANG_WARN_UNREACHABLE_CODE = YES;
				CLANG_WARN__DUPLICATE_METHOD_MATCH = YES;
				COPY_PHASE_STRIP = NO;
				DEBUG_INFORMATION_FORMAT = dwarf;
				ENABLE_STRICT_OBJC_MSGSEND = YES;
				ENABLE_TESTABILITY = YES;
				GCC_C_LANGUAGE_STANDARD = gnu11;
				GCC_DYNAMIC_NO_PIC = NO;
				GCC_NO_COMMON_BLOCKS = YES;
				GCC_OPTIMIZATION_LEVEL = 0;
				GCC_PREPROCESSOR_DEFINITIONS = (
					"DEBUG=1",
					"$(inherited)",
				);
				GCC_WARN_64_TO_32_BIT_CONVERSION = YES;
				GCC_WARN_ABOUT_RETURN_TYPE = YES_ERROR;
				GCC_WARN_UNDECLARED_SELECTOR = YES;
				GCC_WARN_UNINITIALIZED_AUTOS = YES_AGGRESSIVE;
				GCC_WARN_UNUSED_FUNCTION = YES;
				GCC_WARN_UNUSED_VARIABLE = YES;
				IPHONEOS_DEPLOYMENT_TARGET = 16.1;
				MTL_ENABLE_DEBUG_INFO = INCLUDE_SOURCE;
				MTL_FAST_MATH = YES;
				ONLY_ACTIVE_ARCH = YES;
				SDKROOT = iphoneos;
				SWIFT_ACTIVE_COMPILATION_CONDITIONS = DEBUG;
				SWIFT_OPTIMIZATION_LEVEL = "-Onone";
			};
			name = Debug;
		};
		0C1BB5E929191E4100A96074 /* Release */ = {
			isa = XCBuildConfiguration;
			buildSettings = {
				ALWAYS_SEARCH_USER_PATHS = NO;
				CLANG_ANALYZER_NONNULL = YES;
				CLANG_ANALYZER_NUMBER_OBJECT_CONVERSION = YES_AGGRESSIVE;
				CLANG_CXX_LANGUAGE_STANDARD = "gnu++20";
				CLANG_ENABLE_MODULES = YES;
				CLANG_ENABLE_OBJC_ARC = YES;
				CLANG_ENABLE_OBJC_WEAK = YES;
				CLANG_WARN_BLOCK_CAPTURE_AUTORELEASING = YES;
				CLANG_WARN_BOOL_CONVERSION = YES;
				CLANG_WARN_COMMA = YES;
				CLANG_WARN_CONSTANT_CONVERSION = YES;
				CLANG_WARN_DEPRECATED_OBJC_IMPLEMENTATIONS = YES;
				CLANG_WARN_DIRECT_OBJC_ISA_USAGE = YES_ERROR;
				CLANG_WARN_DOCUMENTATION_COMMENTS = YES;
				CLANG_WARN_EMPTY_BODY = YES;
				CLANG_WARN_ENUM_CONVERSION = YES;
				CLANG_WARN_INFINITE_RECURSION = YES;
				CLANG_WARN_INT_CONVERSION = YES;
				CLANG_WARN_NON_LITERAL_NULL_CONVERSION = YES;
				CLANG_WARN_OBJC_IMPLICIT_RETAIN_SELF = YES;
				CLANG_WARN_OBJC_LITERAL_CONVERSION = YES;
				CLANG_WARN_OBJC_ROOT_CLASS = YES_ERROR;
				CLANG_WARN_QUOTED_INCLUDE_IN_FRAMEWORK_HEADER = YES;
				CLANG_WARN_RANGE_LOOP_ANALYSIS = YES;
				CLANG_WARN_STRICT_PROTOTYPES = YES;
				CLANG_WARN_SUSPICIOUS_MOVE = YES;
				CLANG_WARN_UNGUARDED_AVAILABILITY = YES_AGGRESSIVE;
				CLANG_WARN_UNREACHABLE_CODE = YES;
				CLANG_WARN__DUPLICATE_METHOD_MATCH = YES;
				COPY_PHASE_STRIP = NO;
				DEBUG_INFORMATION_FORMAT = "dwarf-with-dsym";
				ENABLE_NS_ASSERTIONS = NO;
				ENABLE_STRICT_OBJC_MSGSEND = YES;
				GCC_C_LANGUAGE_STANDARD = gnu11;
				GCC_NO_COMMON_BLOCKS = YES;
				GCC_WARN_64_TO_32_BIT_CONVERSION = YES;
				GCC_WARN_ABOUT_RETURN_TYPE = YES_ERROR;
				GCC_WARN_UNDECLARED_SELECTOR = YES;
				GCC_WARN_UNINITIALIZED_AUTOS = YES_AGGRESSIVE;
				GCC_WARN_UNUSED_FUNCTION = YES;
				GCC_WARN_UNUSED_VARIABLE = YES;
				IPHONEOS_DEPLOYMENT_TARGET = 16.1;
				MTL_ENABLE_DEBUG_INFO = NO;
				MTL_FAST_MATH = YES;
				SDKROOT = iphoneos;
				SWIFT_COMPILATION_MODE = wholemodule;
				SWIFT_OPTIMIZATION_LEVEL = "-O";
				VALIDATE_PRODUCT = YES;
			};
			name = Release;
		};
		0C1BB5EB29191E4100A96074 /* Debug */ = {
			isa = XCBuildConfiguration;
			buildSettings = {
				ASSETCATALOG_COMPILER_APPICON_NAME = AppIcon;
				ASSETCATALOG_COMPILER_GLOBAL_ACCENT_COLOR_NAME = AccentColor;
				CODE_SIGN_STYLE = Automatic;
				CURRENT_PROJECT_VERSION = 1;
				GENERATE_INFOPLIST_FILE = YES;
				INFOPLIST_FILE = apptest/Info.plist;
				INFOPLIST_KEY_UIApplicationSupportsIndirectInputEvents = YES;
				INFOPLIST_KEY_UILaunchStoryboardName = LaunchScreen;
				INFOPLIST_KEY_UIMainStoryboardFile = Main;
				INFOPLIST_KEY_UISupportedInterfaceOrientations_iPad = "UIInterfaceOrientationPortrait UIInterfaceOrientationPortraitUpsideDown UIInterfaceOrientationLandscapeLeft UIInterfaceOrientationLandscapeRight";
				INFOPLIST_KEY_UISupportedInterfaceOrientations_iPhone = "UIInterfaceOrientationPortrait UIInterfaceOrientationLandscapeLeft UIInterfaceOrientationLandscapeRight";
				LD_RUNPATH_SEARCH_PATHS = (
					"$(inherited)",
					"@executable_path/Frameworks",
				);
				MARKETING_VERSION = 1.0;
				PRODUCT_BUNDLE_IDENTIFIER = prueba.apptest;
				PRODUCT_NAME = "$(TARGET_NAME)";
				SWIFT_EMIT_LOC_STRINGS = YES;
				SWIFT_VERSION = 5.0;
				TARGETED_DEVICE_FAMILY = "1,2";
			};
			name = Debug;
		};
		0C1BB5EC29191E4100A96074 /* Release */ = {
			isa = XCBuildConfiguration;
			buildSettings = {
				ASSETCATALOG_COMPILER_APPICON_NAME = AppIcon;
				ASSETCATALOG_COMPILER_GLOBAL_ACCENT_COLOR_NAME = AccentColor;
				CODE_SIGN_STYLE = Automatic;
				CURRENT_PROJECT_VERSION = 1;
				GENERATE_INFOPLIST_FILE = YES;
				INFOPLIST_FILE = apptest/Info.plist;
				INFOPLIST_KEY_UIApplicationSupportsIndirectInputEvents = YES;
				INFOPLIST_KEY_UILaunchStoryboardName = LaunchScreen;
				INFOPLIST_KEY_UIMainStoryboardFile = Main;
				INFOPLIST_KEY_UISupportedInterfaceOrientations_iPad = "UIInterfaceOrientationPortrait UIInterfaceOrientationPortraitUpsideDown UIInterfaceOrientationLandscapeLeft UIInterfaceOrientationLandscapeRight";
				INFOPLIST_KEY_UISupportedInterfaceOrientations_iPhone = "UIInterfaceOrientationPortrait UIInterfaceOrientationLandscapeLeft UIInterfaceOrientationLandscapeRight";
				LD_RUNPATH_SEARCH_PATHS = (
					"$(inherited)",
					"@executable_path/Frameworks",
				);
				MARKETING_VERSION = 1.0;
				PRODUCT_BUNDLE_IDENTIFIER = prueba.apptest;
				PRODUCT_NAME = "$(TARGET_NAME)";
				SWIFT_EMIT_LOC_STRINGS = YES;
				SWIFT_VERSION = 5.0;
				TARGETED_DEVICE_FAMILY = "1,2";
			};
			name = Release;
		};
		0C1BB5EE29191E4100A96074 /* Debug */ = {
			isa = XCBuildConfiguration;
			buildSettings = {
				ALWAYS_EMBED_SWIFT_STANDARD_LIBRARIES = YES;
				BUNDLE_LOADER = "$(TEST_HOST)";
				CODE_SIGN_STYLE = Automatic;
				CURRENT_PROJECT_VERSION = 1;
				GENERATE_INFOPLIST_FILE = YES;
				IPHONEOS_DEPLOYMENT_TARGET = 16.1;
				MARKETING_VERSION = 1.0;
				PRODUCT_BUNDLE_IDENTIFIER = prueba.apptestTests;
				PRODUCT_NAME = "$(TARGET_NAME)";
				SWIFT_EMIT_LOC_STRINGS = NO;
				SWIFT_VERSION = 5.0;
				TARGETED_DEVICE_FAMILY = "1,2";
				TEST_HOST = "$(BUILT_PRODUCTS_DIR)/apptest.app/$(BUNDLE_EXECUTABLE_FOLDER_PATH)/apptest";
			};
			name = Debug;
		};
		0C1BB5EF29191E4100A96074 /* Release */ = {
			isa = XCBuildConfiguration;
			buildSettings = {
				ALWAYS_EMBED_SWIFT_STANDARD_LIBRARIES = YES;
				BUNDLE_LOADER = "$(TEST_HOST)";
				CODE_SIGN_STYLE = Automatic;
				CURRENT_PROJECT_VERSION = 1;
				GENERATE_INFOPLIST_FILE = YES;
				IPHONEOS_DEPLOYMENT_TARGET = 16.1;
				MARKETING_VERSION = 1.0;
				PRODUCT_BUNDLE_IDENTIFIER = prueba.apptestTests;
				PRODUCT_NAME = "$(TARGET_NAME)";
				SWIFT_EMIT_LOC_STRINGS = NO;
				SWIFT_VERSION = 5.0;
				TARGETED_DEVICE_FAMILY = "1,2";
				TEST_HOST = "$(BUILT_PRODUCTS_DIR)/apptest.app/$(BUNDLE_EXECUTABLE_FOLDER_PATH)/apptest";
			};
			name = Release;
		};
		0C1BB5F129191E4100A96074 /* Debug */ = {
			isa = XCBuildConfiguration;
			buildSettings = {
				ALWAYS_EMBED_SWIFT_STANDARD_LIBRARIES = YES;
				CODE_SIGN_STYLE = Automatic;
				CURRENT_PROJECT_VERSION = 1;
				GENERATE_INFOPLIST_FILE = YES;
				MARKETING_VERSION = 1.0;
				PRODUCT_BUNDLE_IDENTIFIER = prueba.apptestUITests;
				PRODUCT_NAME = "$(TARGET_NAME)";
				SWIFT_EMIT_LOC_STRINGS = NO;
				SWIFT_VERSION = 5.0;
				TARGETED_DEVICE_FAMILY = "1,2";
				TEST_TARGET_NAME = apptest;
			};
			name = Debug;
		};
		0C1BB5F229191E4100A96074 /* Release */ = {
			isa = XCBuildConfiguration;
			buildSettings = {
				ALWAYS_EMBED_SWIFT_STANDARD_LIBRARIES = YES;
				CODE_SIGN_STYLE = Automatic;
				CURRENT_PROJECT_VERSION = 1;
				GENERATE_INFOPLIST_FILE = YES;
				MARKETING_VERSION = 1.0;
				PRODUCT_BUNDLE_IDENTIFIER = prueba.apptestUITests;
				PRODUCT_NAME = "$(TARGET_NAME)";
				SWIFT_EMIT_LOC_STRINGS = NO;
				SWIFT_VERSION = 5.0;
				TARGETED_DEVICE_FAMILY = "1,2";
				TEST_TARGET_NAME = apptest;
			};
			name = Release;
		};
/* End XCBuildConfiguration section */

/* Begin XCConfigurationList section */
		0C1BB5BB29191E3F00A96074 /* Build configuration list for PBXProject "apptest" */ = {
			isa = XCConfigurationList;
			buildConfigurations = (
				0C1BB5E829191E4100A96074 /* Debug */,
				0C1BB5E929191E4100A96074 /* Release */,
			);
			defaultConfigurationIsVisible = 0;
			defaultConfigurationName = Release;
		};
		0C1BB5EA29191E4100A96074 /* Build configuration list for PBXNativeTarget "apptest" */ = {
			isa = XCConfigurationList;
			buildConfigurations = (
				0C1BB5EB29191E4100A96074 /* Debug */,
				0C1BB5EC29191E4100A96074 /* Release */,
			);
			defaultConfigurationIsVisible = 0;
			defaultConfigurationName = Release;
		};
		0C1BB5ED29191E4100A96074 /* Build configuration list for PBXNativeTarget "apptestTests" */ = {
			isa = XCConfigurationList;
			buildConfigurations = (
				0C1BB5EE29191E4100A96074 /* Debug */,
				0C1BB5EF29191E4100A96074 /* Release */,
			);
			defaultConfigurationIsVisible = 0;
			defaultConfigurationName = Release;
		};
		0C1BB5F029191E4100A96074 /* Build configuration list for PBXNativeTarget "apptestUITests" */ = {
			isa = XCConfigurationList;
			buildConfigurations = (
				0C1BB5F129191E4100A96074 /* Debug */,
				0C1BB5F229191E4100A96074 /* Release */,
			);
			defaultConfigurationIsVisible = 0;
			defaultConfigurationName = Release;
		};
/* End XCConfigurationList section */
	};
	rootObject = 0C1BB5B829191E3F00A96074 /* Project object */;
}
